
Microsoft Visual Studio Solution File, Format Version 12.00
# Visual Studio Version 16
VisualStudioVersion = 16.0.30225.117
MinimumVisualStudioVersion = 10.0.40219.1
Project("{9A19103F-16F7-4668-BE54-9A1E7A4F7556}") = "ResourcesAPI", "ResourcesAPI\ResourcesAPI.csproj", "{9D979D78-5AB3-4AD3-83C3-07710F6B7772}"
EndProject
Project("{FAE04EC0-301F-11D3-BF4B-00C04F79EFBC}") = "Test", "Test\Test.csproj", "{71CBD502-6891-47D2-B496-0863C88134DD}"
EndProject
Global
	GlobalSection(SolutionConfigurationPlatforms) = preSolution
		Debug|Any CPU = Debug|Any CPU
		Release|Any CPU = Release|Any CPU
	EndGlobalSection
	GlobalSection(ProjectConfigurationPlatforms) = postSolution
		{9D979D78-5AB3-4AD3-83C3-07710F6B7772}.Debug|Any CPU.ActiveCfg = Debug|Any CPU
		{9D979D78-5AB3-4AD3-83C3-07710F6B7772}.Debug|Any CPU.Build.0 = Debug|Any CPU
		{9D979D78-5AB3-4AD3-83C3-07710F6B7772}.Release|Any CPU.ActiveCfg = Release|Any CPU
		{9D979D78-5AB3-4AD3-83C3-07710F6B7772}.Release|Any CPU.Build.0 = Release|Any CPU
		{71CBD502-6891-47D2-B496-0863C88134DD}.Debug|Any CPU.ActiveCfg = Debug|Any CPU
		{71CBD502-6891-47D2-B496-0863C88134DD}.Debug|Any CPU.Build.0 = Debug|Any CPU
		{71CBD502-6891-47D2-B496-0863C88134DD}.Release|Any CPU.ActiveCfg = Release|Any CPU
		{71CBD502-6891-47D2-B496-0863C88134DD}.Release|Any CPU.Build.0 = Release|Any CPU
	EndGlobalSection
	GlobalSection(SolutionProperties) = preSolution
		HideSolutionNode = FALSE
	EndGlobalSection
	GlobalSection(ExtensibilityGlobals) = postSolution
		SolutionGuid = {8B40224F-9722-482F-BFB3-C53FC54849E0}
	EndGlobalSection
EndGlobal
